{
  "name": "insultomatic",
  "version": "1.0.0",
  "lockfileVersion": 1,
  "requires": true,
  "dependencies": {
    "any-promise": {
      "version": "1.3.0",
      "resolved": "https://registry.npmjs.org/any-promise/-/any-promise-1.3.0.tgz",
      "integrity": "sha1-q8av7tzqUugJzcA3au0845Y10X8="
    },
    "deepmerge": {
      "version": "2.1.0",
      "resolved": "https://registry.npmjs.org/deepmerge/-/deepmerge-2.1.0.tgz",
      "integrity": "sha512-Q89Z26KAfA3lpPGhbF6XMfYAm3jIV3avViy6KOJ2JLzFbeWHOvPQUu5aSJIWXap3gDZC2y1eF5HXEPI2wGqgvw=="
    },
    "lodash": {
      "version": "4.17.5",
      "resolved": "https://registry.npmjs.org/lodash/-/lodash-4.17.5.tgz",
      "integrity": "sha512-svL3uiZf1RwhH+cWrfZn3A4+U58wbP0tGVTLQPbjplZxZ8ROD9VLuNgsRniTlLe7OlSqR79RUehXgpBW/s0IQw=="
    },
    "stream-to-array": {
      "version": "2.3.0",
      "resolved": "https://registry.npmjs.org/stream-to-array/-/stream-to-array-2.3.0.tgz",
      "integrity": "sha1-u/azn19D7DC8cbq8s3VXrOzzQ1M=",
      "requires": {
        "any-promise": "1.3.0"
      }
    },
    "tinycolor2": {
      "version": "1.4.1",
      "resolved": "https://registry.npmjs.org/tinycolor2/-/tinycolor2-1.4.1.tgz",
      "integrity": "sha1-9PrTM0R7wLB9TcjpIJ2POaisd+g="
    },
    "treegrammar": {
      "version": "1.0.3",
      "resolved": "https://registry.npmjs.org/treegrammar/-/treegrammar-1.0.3.tgz",
      "integrity": "sha512-Rj0Sikat0G2i0yCPUqa1gBtNiruPueuJffp+rz13f3R39/jIi8dm6DnaFk+mzLNL3Ja3IkK2OCBh5XCfSHLKlg==",
      "requires": {
        "lodash": "4.17.5"
      }
    }
  }
}
