{
  "name": "insultomatic",
  "version": "1.0.0",
  "lockfileVersion": 1,
  "requires": true,
  "dependencies": {
    "lodash": {
      "version": "4.17.5",
      "resolved": "https://registry.npmjs.org/lodash/-/lodash-4.17.5.tgz",
      "integrity": "sha512-svL3uiZf1RwhH+cWrfZn3A4+U58wbP0tGVTLQPbjplZxZ8ROD9VLuNgsRniTlLe7OlSqR79RUehXgpBW/s0IQw=="
    },
    "treegrammar": {
      "version": "1.0.3",
      "resolved": "https://registry.npmjs.org/treegrammar/-/treegrammar-1.0.3.tgz",
      "integrity": "sha512-Rj0Sikat0G2i0yCPUqa1gBtNiruPueuJffp+rz13f3R39/jIi8dm6DnaFk+mzLNL3Ja3IkK2OCBh5XCfSHLKlg==",
      "requires": {
        "lodash": "4.17.5"
      }
    }
  }
}
